
Microsoft Visual Studio Solution File, Format Version 12.00
# Visual Studio Version 17
VisualStudioVersion = 17.13.35806.99 d17.13
MinimumVisualStudioVersion = 10.0.40219.1
Project("{FAE04EC0-301F-11D3-BF4B-00C04F79EFBC}") = "Aula5", "Aula5.csproj", "{F7EF4765-9CB8-433D-81A1-96590EC54965}"
EndProject
Global
	GlobalSection(SolutionConfigurationPlatforms) = preSolution
		Debug|Any CPU = Debug|Any CPU
		Release|Any CPU = Release|Any CPU
	EndGlobalSection
	GlobalSection(ProjectConfigurationPlatforms) = postSolution
		{F7EF4765-9CB8-433D-81A1-96590EC54965}.Debug|Any CPU.ActiveCfg = Debug|Any CPU
		{F7EF4765-9CB8-433D-81A1-96590EC54965}.Debug|Any CPU.Build.0 = Debug|Any CPU
		{F7EF4765-9CB8-433D-81A1-96590EC54965}.Release|Any CPU.ActiveCfg = Release|Any CPU
		{F7EF4765-9CB8-433D-81A1-96590EC54965}.Release|Any CPU.Build.0 = Release|Any CPU
	EndGlobalSection
	GlobalSection(SolutionProperties) = preSolution
		HideSolutionNode = FALSE
	EndGlobalSection
	GlobalSection(ExtensibilityGlobals) = postSolution
		SolutionGuid = {0CFA480E-321B-464D-A7EA-B17E09AA0E3E}
	EndGlobalSection
EndGlobal
